
Microsoft Visual Studio Solution File, Format Version 12.00
# Visual Studio Version 16
VisualStudioVersion = 16.0.31702.278
MinimumVisualStudioVersion = 10.0.40219.1
Project("{FAE04EC0-301F-11D3-BF4B-00C04F79EFBC}") = "BoeNewClients", "BoeNewClients.csproj", "{7830E185-ADA1-4DDF-A058-F7324D3670D3}"
EndProject
Global
	GlobalSection(SolutionConfigurationPlatforms) = preSolution
		Debug|Any CPU = Debug|Any CPU
		Release|Any CPU = Release|Any CPU
	EndGlobalSection
	GlobalSection(ProjectConfigurationPlatforms) = postSolution
		{7830E185-ADA1-4DDF-A058-F7324D3670D3}.Debug|Any CPU.ActiveCfg = Debug|Any CPU
		{7830E185-ADA1-4DDF-A058-F7324D3670D3}.Debug|Any CPU.Build.0 = Debug|Any CPU
		{7830E185-ADA1-4DDF-A058-F7324D3670D3}.Release|Any CPU.ActiveCfg = Release|Any CPU
		{7830E185-ADA1-4DDF-A058-F7324D3670D3}.Release|Any CPU.Build.0 = Release|Any CPU
	EndGlobalSection
	GlobalSection(SolutionProperties) = preSolution
		HideSolutionNode = FALSE
	EndGlobalSection
	GlobalSection(ExtensibilityGlobals) = postSolution
		SolutionGuid = {AF2EBD65-722C-4029-B869-1B5967F71CB7}
	EndGlobalSection
EndGlobal
